
Microsoft Visual Studio Solution File, Format Version 12.00
# Visual Studio Version 16
VisualStudioVersion = 16.0.32228.343
MinimumVisualStudioVersion = 10.0.40219.1
Project("{FAE04EC0-301F-11D3-BF4B-00C04F79EFBC}") = "LibrarieAgendaPersoane", "LibrarieAgendaPersoane\LibrarieAgendaPersoane.csproj", "{4C2D37D2-075B-418D-A9AE-D6E2FA0C6B04}"
EndProject
Project("{FAE04EC0-301F-11D3-BF4B-00C04F79EFBC}") = "NivelulDeAccesADatelor", "NivelulDeAccesADatelor\NivelulDeAccesADatelor.csproj", "{D0E6D891-C4B5-4E76-AEAC-12599D5114D6}"
EndProject
Project("{FAE04EC0-301F-11D3-BF4B-00C04F79EFBC}") = "InterfataAgenda", "InterfataAgenda\InterfataAgenda.csproj", "{A13B4F51-BF71-4B87-83A7-A1CD6AABA42A}"
EndProject
Project("{FAE04EC0-301F-11D3-BF4B-00C04F79EFBC}") = "AfisareConsola", "AfisareConsola\AfisareConsola.csproj", "{60F23F44-D55D-487C-96D7-EC5A664EA5C0}"
EndProject
Global
	GlobalSection(SolutionConfigurationPlatforms) = preSolution
		Debug|Any CPU = Debug|Any CPU
		Release|Any CPU = Release|Any CPU
	EndGlobalSection
	GlobalSection(ProjectConfigurationPlatforms) = postSolution
		{4C2D37D2-075B-418D-A9AE-D6E2FA0C6B04}.Debug|Any CPU.ActiveCfg = Debug|Any CPU
		{4C2D37D2-075B-418D-A9AE-D6E2FA0C6B04}.Debug|Any CPU.Build.0 = Debug|Any CPU
		{4C2D37D2-075B-418D-A9AE-D6E2FA0C6B04}.Release|Any CPU.ActiveCfg = Release|Any CPU
		{4C2D37D2-075B-418D-A9AE-D6E2FA0C6B04}.Release|Any CPU.Build.0 = Release|Any CPU
		{D0E6D891-C4B5-4E76-AEAC-12599D5114D6}.Debug|Any CPU.ActiveCfg = Debug|Any CPU
		{D0E6D891-C4B5-4E76-AEAC-12599D5114D6}.Debug|Any CPU.Build.0 = Debug|Any CPU
		{D0E6D891-C4B5-4E76-AEAC-12599D5114D6}.Release|Any CPU.ActiveCfg = Release|Any CPU
		{D0E6D891-C4B5-4E76-AEAC-12599D5114D6}.Release|Any CPU.Build.0 = Release|Any CPU
		{A13B4F51-BF71-4B87-83A7-A1CD6AABA42A}.Debug|Any CPU.ActiveCfg = Debug|Any CPU
		{A13B4F51-BF71-4B87-83A7-A1CD6AABA42A}.Debug|Any CPU.Build.0 = Debug|Any CPU
		{A13B4F51-BF71-4B87-83A7-A1CD6AABA42A}.Release|Any CPU.ActiveCfg = Release|Any CPU
		{A13B4F51-BF71-4B87-83A7-A1CD6AABA42A}.Release|Any CPU.Build.0 = Release|Any CPU
		{60F23F44-D55D-487C-96D7-EC5A664EA5C0}.Debug|Any CPU.ActiveCfg = Debug|Any CPU
		{60F23F44-D55D-487C-96D7-EC5A664EA5C0}.Debug|Any CPU.Build.0 = Debug|Any CPU
		{60F23F44-D55D-487C-96D7-EC5A664EA5C0}.Release|Any CPU.ActiveCfg = Release|Any CPU
		{60F23F44-D55D-487C-96D7-EC5A664EA5C0}.Release|Any CPU.Build.0 = Release|Any CPU
	EndGlobalSection
	GlobalSection(SolutionProperties) = preSolution
		HideSolutionNode = FALSE
	EndGlobalSection
	GlobalSection(ExtensibilityGlobals) = postSolution
		SolutionGuid = {10EA3C13-BB50-4940-A816-F821B59FDFEC}
	EndGlobalSection
EndGlobal
